
Microsoft Visual Studio Solution File, Format Version 12.00
# Visual Studio 15
VisualStudioVersion = 15.0.26124.0
MinimumVisualStudioVersion = 15.0.26124.0
Project("{2150E333-8FDC-42A3-9474-1A3956D46DE8}") = "server", "server", "{24BE1F97-7815-4103-BB65-A1DF844372DD}"
EndProject
Project("{FAE04EC0-301F-11D3-BF4B-00C04F79EFBC}") = "api", "server\api\api.csproj", "{09C3B48B-F15F-4245-8E83-E14A5C2FD6A9}"
EndProject
Project("{2150E333-8FDC-42A3-9474-1A3956D46DE8}") = "test", "test", "{F119435F-6409-4BCD-90A2-EDA59CDBC031}"
EndProject
Project("{FAE04EC0-301F-11D3-BF4B-00C04F79EFBC}") = "api.test", "test\api.test\api.test.csproj", "{10A46693-20BE-49C6-AE9B-D5B3A6AB70D5}"
EndProject
Global
	GlobalSection(SolutionConfigurationPlatforms) = preSolution
		Debug|Any CPU = Debug|Any CPU
		Debug|x64 = Debug|x64
		Debug|x86 = Debug|x86
		Release|Any CPU = Release|Any CPU
		Release|x64 = Release|x64
		Release|x86 = Release|x86
	EndGlobalSection
	GlobalSection(SolutionProperties) = preSolution
		HideSolutionNode = FALSE
	EndGlobalSection
	GlobalSection(ProjectConfigurationPlatforms) = postSolution
		{09C3B48B-F15F-4245-8E83-E14A5C2FD6A9}.Debug|Any CPU.ActiveCfg = Debug|Any CPU
		{09C3B48B-F15F-4245-8E83-E14A5C2FD6A9}.Debug|Any CPU.Build.0 = Debug|Any CPU
		{09C3B48B-F15F-4245-8E83-E14A5C2FD6A9}.Debug|x64.ActiveCfg = Debug|Any CPU
		{09C3B48B-F15F-4245-8E83-E14A5C2FD6A9}.Debug|x64.Build.0 = Debug|Any CPU
		{09C3B48B-F15F-4245-8E83-E14A5C2FD6A9}.Debug|x86.ActiveCfg = Debug|Any CPU
		{09C3B48B-F15F-4245-8E83-E14A5C2FD6A9}.Debug|x86.Build.0 = Debug|Any CPU
		{09C3B48B-F15F-4245-8E83-E14A5C2FD6A9}.Release|Any CPU.ActiveCfg = Release|Any CPU
		{09C3B48B-F15F-4245-8E83-E14A5C2FD6A9}.Release|Any CPU.Build.0 = Release|Any CPU
		{09C3B48B-F15F-4245-8E83-E14A5C2FD6A9}.Release|x64.ActiveCfg = Release|Any CPU
		{09C3B48B-F15F-4245-8E83-E14A5C2FD6A9}.Release|x64.Build.0 = Release|Any CPU
		{09C3B48B-F15F-4245-8E83-E14A5C2FD6A9}.Release|x86.ActiveCfg = Release|Any CPU
		{09C3B48B-F15F-4245-8E83-E14A5C2FD6A9}.Release|x86.Build.0 = Release|Any CPU
		{10A46693-20BE-49C6-AE9B-D5B3A6AB70D5}.Debug|Any CPU.ActiveCfg = Debug|Any CPU
		{10A46693-20BE-49C6-AE9B-D5B3A6AB70D5}.Debug|Any CPU.Build.0 = Debug|Any CPU
		{10A46693-20BE-49C6-AE9B-D5B3A6AB70D5}.Debug|x64.ActiveCfg = Debug|Any CPU
		{10A46693-20BE-49C6-AE9B-D5B3A6AB70D5}.Debug|x64.Build.0 = Debug|Any CPU
		{10A46693-20BE-49C6-AE9B-D5B3A6AB70D5}.Debug|x86.ActiveCfg = Debug|Any CPU
		{10A46693-20BE-49C6-AE9B-D5B3A6AB70D5}.Debug|x86.Build.0 = Debug|Any CPU
		{10A46693-20BE-49C6-AE9B-D5B3A6AB70D5}.Release|Any CPU.ActiveCfg = Release|Any CPU
		{10A46693-20BE-49C6-AE9B-D5B3A6AB70D5}.Release|Any CPU.Build.0 = Release|Any CPU
		{10A46693-20BE-49C6-AE9B-D5B3A6AB70D5}.Release|x64.ActiveCfg = Release|Any CPU
		{10A46693-20BE-49C6-AE9B-D5B3A6AB70D5}.Release|x64.Build.0 = Release|Any CPU
		{10A46693-20BE-49C6-AE9B-D5B3A6AB70D5}.Release|x86.ActiveCfg = Release|Any CPU
		{10A46693-20BE-49C6-AE9B-D5B3A6AB70D5}.Release|x86.Build.0 = Release|Any CPU
	EndGlobalSection
	GlobalSection(NestedProjects) = preSolution
		{09C3B48B-F15F-4245-8E83-E14A5C2FD6A9} = {24BE1F97-7815-4103-BB65-A1DF844372DD}
		{10A46693-20BE-49C6-AE9B-D5B3A6AB70D5} = {F119435F-6409-4BCD-90A2-EDA59CDBC031}
	EndGlobalSection
EndGlobal
